
Microsoft Visual Studio Solution File, Format Version 12.00
# Visual Studio Version 17
VisualStudioVersion = 17.8.34525.116
MinimumVisualStudioVersion = 10.0.40219.1
Project("{9A19103F-16F7-4668-BE54-9A1E7A4F7556}") = "HotCatCafe.Model", "HotCatCafe.Model\HotCatCafe.Model.csproj", "{EB4297C6-02ED-404C-A1CA-1E7275C73C96}"
EndProject
Project("{2150E333-8FDC-42A3-9474-1A3956D46DE8}") = "Solution Items", "Solution Items", "{3E2BDBCE-CE4B-4215-B760-CDACA6935A35}"
	ProjectSection(SolutionItems) = preProject
		ReadME.txt = ReadME.txt
	EndProjectSection
EndProject
Project("{9A19103F-16F7-4668-BE54-9A1E7A4F7556}") = "HotCatCafe.DAL", "HotCatCafe.DAL\HotCatCafe.DAL.csproj", "{4756B048-B2D3-4D1B-BDA8-70748D84134A}"
EndProject
Project("{9A19103F-16F7-4668-BE54-9A1E7A4F7556}") = "HotCatCafe.BLL", "HotCatCafe.BLL\HotCatCafe.BLL.csproj", "{B8EC014E-5525-4D0F-A020-34443A5FFC06}"
EndProject
Project("{2150E333-8FDC-42A3-9474-1A3956D46DE8}") = "UI", "UI", "{48B6E180-6611-421A-BE76-619FBC1CCB39}"
EndProject
Project("{9A19103F-16F7-4668-BE54-9A1E7A4F7556}") = "HotCatCafe.MVC", "HotCatCafe.MVC\HotCatCafe.MVC.csproj", "{929E5D65-4E7C-41B4-A554-28C91ADB2D4D}"
EndProject
Project("{9A19103F-16F7-4668-BE54-9A1E7A4F7556}") = "HotCatCafe.Common", "HotCatCafe.Common\HotCatCafe.Common.csproj", "{CB0897E9-2273-4BC4-9A8D-74888A3D0317}"
EndProject
Project("{FAE04EC0-301F-11D3-BF4B-00C04F79EFBC}") = "NUnitTestProject", "NUnitTestProject\NUnitTestProject.csproj", "{3E71B6B3-9E6A-4D16-8015-4BD28869A84F}"
EndProject
Global
	GlobalSection(SolutionConfigurationPlatforms) = preSolution
		Debug|Any CPU = Debug|Any CPU
		Release|Any CPU = Release|Any CPU
	EndGlobalSection
	GlobalSection(ProjectConfigurationPlatforms) = postSolution
		{EB4297C6-02ED-404C-A1CA-1E7275C73C96}.Debug|Any CPU.ActiveCfg = Debug|Any CPU
		{EB4297C6-02ED-404C-A1CA-1E7275C73C96}.Debug|Any CPU.Build.0 = Debug|Any CPU
		{EB4297C6-02ED-404C-A1CA-1E7275C73C96}.Release|Any CPU.ActiveCfg = Release|Any CPU
		{EB4297C6-02ED-404C-A1CA-1E7275C73C96}.Release|Any CPU.Build.0 = Release|Any CPU
		{4756B048-B2D3-4D1B-BDA8-70748D84134A}.Debug|Any CPU.ActiveCfg = Debug|Any CPU
		{4756B048-B2D3-4D1B-BDA8-70748D84134A}.Debug|Any CPU.Build.0 = Debug|Any CPU
		{4756B048-B2D3-4D1B-BDA8-70748D84134A}.Release|Any CPU.ActiveCfg = Release|Any CPU
		{4756B048-B2D3-4D1B-BDA8-70748D84134A}.Release|Any CPU.Build.0 = Release|Any CPU
		{B8EC014E-5525-4D0F-A020-34443A5FFC06}.Debug|Any CPU.ActiveCfg = Debug|Any CPU
		{B8EC014E-5525-4D0F-A020-34443A5FFC06}.Debug|Any CPU.Build.0 = Debug|Any CPU
		{B8EC014E-5525-4D0F-A020-34443A5FFC06}.Release|Any CPU.ActiveCfg = Release|Any CPU
		{B8EC014E-5525-4D0F-A020-34443A5FFC06}.Release|Any CPU.Build.0 = Release|Any CPU
		{929E5D65-4E7C-41B4-A554-28C91ADB2D4D}.Debug|Any CPU.ActiveCfg = Debug|Any CPU
		{929E5D65-4E7C-41B4-A554-28C91ADB2D4D}.Debug|Any CPU.Build.0 = Debug|Any CPU
		{929E5D65-4E7C-41B4-A554-28C91ADB2D4D}.Release|Any CPU.ActiveCfg = Release|Any CPU
		{929E5D65-4E7C-41B4-A554-28C91ADB2D4D}.Release|Any CPU.Build.0 = Release|Any CPU
		{CB0897E9-2273-4BC4-9A8D-74888A3D0317}.Debug|Any CPU.ActiveCfg = Debug|Any CPU
		{CB0897E9-2273-4BC4-9A8D-74888A3D0317}.Debug|Any CPU.Build.0 = Debug|Any CPU
		{CB0897E9-2273-4BC4-9A8D-74888A3D0317}.Release|Any CPU.ActiveCfg = Release|Any CPU
		{CB0897E9-2273-4BC4-9A8D-74888A3D0317}.Release|Any CPU.Build.0 = Release|Any CPU
		{3E71B6B3-9E6A-4D16-8015-4BD28869A84F}.Debug|Any CPU.ActiveCfg = Debug|Any CPU
		{3E71B6B3-9E6A-4D16-8015-4BD28869A84F}.Debug|Any CPU.Build.0 = Debug|Any CPU
		{3E71B6B3-9E6A-4D16-8015-4BD28869A84F}.Release|Any CPU.ActiveCfg = Release|Any CPU
		{3E71B6B3-9E6A-4D16-8015-4BD28869A84F}.Release|Any CPU.Build.0 = Release|Any CPU
	EndGlobalSection
	GlobalSection(SolutionProperties) = preSolution
		HideSolutionNode = FALSE
	EndGlobalSection
	GlobalSection(NestedProjects) = preSolution
		{929E5D65-4E7C-41B4-A554-28C91ADB2D4D} = {48B6E180-6611-421A-BE76-619FBC1CCB39}
	EndGlobalSection
	GlobalSection(ExtensibilityGlobals) = postSolution
		SolutionGuid = {9621ED05-CD03-4AFA-A3DC-8760D2DEC4EF}
	EndGlobalSection
EndGlobal
